
Microsoft Visual Studio Solution File, Format Version 12.00
# Visual Studio Version 16
VisualStudioVersion = 16.0.30204.135
MinimumVisualStudioVersion = 10.0.40219.1
Project("{FAE04EC0-301F-11D3-BF4B-00C04F79EFBC}") = "HelloWorld2", "HelloWorld2\HelloWorld2.csproj", "{1DEC91A2-0E61-4281-B59A-40A9A2821428}"
EndProject
Project("{FAE04EC0-301F-11D3-BF4B-00C04F79EFBC}") = "HelloWorldOkienkowa", "HelloWorldOkienkowa\HelloWorldOkienkowa.csproj", "{35F85D32-65A7-4CCB-B84D-C92C1D76EF85}"
EndProject
Project("{FAE04EC0-301F-11D3-BF4B-00C04F79EFBC}") = "DodajDwieLiczby", "DodajDwieLiczby\DodajDwieLiczby.csproj", "{5E07E842-3FC7-4774-A824-F5CD02E899E1}"
EndProject
Global
	GlobalSection(SolutionConfigurationPlatforms) = preSolution
		Debug|Any CPU = Debug|Any CPU
		Release|Any CPU = Release|Any CPU
	EndGlobalSection
	GlobalSection(ProjectConfigurationPlatforms) = postSolution
		{1DEC91A2-0E61-4281-B59A-40A9A2821428}.Debug|Any CPU.ActiveCfg = Debug|Any CPU
		{1DEC91A2-0E61-4281-B59A-40A9A2821428}.Debug|Any CPU.Build.0 = Debug|Any CPU
		{1DEC91A2-0E61-4281-B59A-40A9A2821428}.Release|Any CPU.ActiveCfg = Release|Any CPU
		{1DEC91A2-0E61-4281-B59A-40A9A2821428}.Release|Any CPU.Build.0 = Release|Any CPU
		{35F85D32-65A7-4CCB-B84D-C92C1D76EF85}.Debug|Any CPU.ActiveCfg = Debug|Any CPU
		{35F85D32-65A7-4CCB-B84D-C92C1D76EF85}.Debug|Any CPU.Build.0 = Debug|Any CPU
		{35F85D32-65A7-4CCB-B84D-C92C1D76EF85}.Release|Any CPU.ActiveCfg = Release|Any CPU
		{35F85D32-65A7-4CCB-B84D-C92C1D76EF85}.Release|Any CPU.Build.0 = Release|Any CPU
		{5E07E842-3FC7-4774-A824-F5CD02E899E1}.Debug|Any CPU.ActiveCfg = Debug|Any CPU
		{5E07E842-3FC7-4774-A824-F5CD02E899E1}.Debug|Any CPU.Build.0 = Debug|Any CPU
		{5E07E842-3FC7-4774-A824-F5CD02E899E1}.Release|Any CPU.ActiveCfg = Release|Any CPU
		{5E07E842-3FC7-4774-A824-F5CD02E899E1}.Release|Any CPU.Build.0 = Release|Any CPU
	EndGlobalSection
	GlobalSection(SolutionProperties) = preSolution
		HideSolutionNode = FALSE
	EndGlobalSection
	GlobalSection(ExtensibilityGlobals) = postSolution
		SolutionGuid = {57CE2F7B-B9F3-43E1-ACBB-5B6A42447E29}
	EndGlobalSection
EndGlobal
